
Microsoft Visual Studio Solution File, Format Version 12.00
# Visual Studio Version 17
VisualStudioVersion = 17.5.33627.172
MinimumVisualStudioVersion = 10.0.40219.1
Project("{FAE04EC0-301F-11D3-BF4B-00C04F79EFBC}") = "Performans", "Performans\Performans.csproj", "{06580CB8-FDCD-46B0-99D6-A09632FFA08E}"
EndProject
Global
	GlobalSection(SolutionConfigurationPlatforms) = preSolution
		Debug|Any CPU = Debug|Any CPU
		Release|Any CPU = Release|Any CPU
	EndGlobalSection
	GlobalSection(ProjectConfigurationPlatforms) = postSolution
		{06580CB8-FDCD-46B0-99D6-A09632FFA08E}.Debug|Any CPU.ActiveCfg = Debug|Any CPU
		{06580CB8-FDCD-46B0-99D6-A09632FFA08E}.Debug|Any CPU.Build.0 = Debug|Any CPU
		{06580CB8-FDCD-46B0-99D6-A09632FFA08E}.Release|Any CPU.ActiveCfg = Release|Any CPU
		{06580CB8-FDCD-46B0-99D6-A09632FFA08E}.Release|Any CPU.Build.0 = Release|Any CPU
	EndGlobalSection
	GlobalSection(SolutionProperties) = preSolution
		HideSolutionNode = FALSE
	EndGlobalSection
	GlobalSection(ExtensibilityGlobals) = postSolution
		SolutionGuid = {7EB0C0E9-9A77-46CE-A0F0-EFB2D9D5564C}
	EndGlobalSection
EndGlobal
